
Microsoft Visual Studio Solution File, Format Version 12.00
# Visual Studio Version 17
VisualStudioVersion = 17.7.34024.191
MinimumVisualStudioVersion = 10.0.40219.1
Project("{8BC9CEB8-8B4A-11D0-8D11-00A0C91BC942}") = "9-6", "chap9.vcxproj", "{ECDE5BFD-0AFA-4F67-B29B-5306D2AB9FC5}"
EndProject
Project("{8BC9CEB8-8B4A-11D0-8D11-00A0C91BC942}") = "9-7", "..\9-7\9-7.vcxproj", "{2D5E4638-1594-47C2-8947-1E968DCF7901}"
EndProject
Global
	GlobalSection(SolutionConfigurationPlatforms) = preSolution
		Debug|x64 = Debug|x64
		Debug|x86 = Debug|x86
		Release|x64 = Release|x64
		Release|x86 = Release|x86
	EndGlobalSection
	GlobalSection(ProjectConfigurationPlatforms) = postSolution
		{ECDE5BFD-0AFA-4F67-B29B-5306D2AB9FC5}.Debug|x64.ActiveCfg = Debug|x64
		{ECDE5BFD-0AFA-4F67-B29B-5306D2AB9FC5}.Debug|x64.Build.0 = Debug|x64
		{ECDE5BFD-0AFA-4F67-B29B-5306D2AB9FC5}.Debug|x86.ActiveCfg = Debug|Win32
		{ECDE5BFD-0AFA-4F67-B29B-5306D2AB9FC5}.Debug|x86.Build.0 = Debug|Win32
		{ECDE5BFD-0AFA-4F67-B29B-5306D2AB9FC5}.Release|x64.ActiveCfg = Release|x64
		{ECDE5BFD-0AFA-4F67-B29B-5306D2AB9FC5}.Release|x64.Build.0 = Release|x64
		{ECDE5BFD-0AFA-4F67-B29B-5306D2AB9FC5}.Release|x86.ActiveCfg = Release|Win32
		{ECDE5BFD-0AFA-4F67-B29B-5306D2AB9FC5}.Release|x86.Build.0 = Release|Win32
		{2D5E4638-1594-47C2-8947-1E968DCF7901}.Debug|x64.ActiveCfg = Debug|x64
		{2D5E4638-1594-47C2-8947-1E968DCF7901}.Debug|x64.Build.0 = Debug|x64
		{2D5E4638-1594-47C2-8947-1E968DCF7901}.Debug|x86.ActiveCfg = Debug|Win32
		{2D5E4638-1594-47C2-8947-1E968DCF7901}.Debug|x86.Build.0 = Debug|Win32
		{2D5E4638-1594-47C2-8947-1E968DCF7901}.Release|x64.ActiveCfg = Release|x64
		{2D5E4638-1594-47C2-8947-1E968DCF7901}.Release|x64.Build.0 = Release|x64
		{2D5E4638-1594-47C2-8947-1E968DCF7901}.Release|x86.ActiveCfg = Release|Win32
		{2D5E4638-1594-47C2-8947-1E968DCF7901}.Release|x86.Build.0 = Release|Win32
	EndGlobalSection
	GlobalSection(SolutionProperties) = preSolution
		HideSolutionNode = FALSE
	EndGlobalSection
	GlobalSection(ExtensibilityGlobals) = postSolution
		SolutionGuid = {967CF0C1-E192-460D-930D-FF3562C39FFA}
	EndGlobalSection
EndGlobal
