
Microsoft Visual Studio Solution File, Format Version 12.00
# Visual Studio Version 17
VisualStudioVersion = 17.7.34024.191
MinimumVisualStudioVersion = 10.0.40219.1
Project("{8BC9CEB8-8B4A-11D0-8D11-00A0C91BC942}") = "4-3", "4-3\4-3.vcxproj", "{AFAAF985-F026-42E3-8840-71D31D7DCFF7}"
EndProject
Project("{8BC9CEB8-8B4A-11D0-8D11-00A0C91BC942}") = "4-6", "4-6\4-6.vcxproj", "{EDF968E0-1B08-41F3-A86E-98A312FAEFD8}"
EndProject
Project("{8BC9CEB8-8B4A-11D0-8D11-00A0C91BC942}") = "4-8", "4-7\4-7.vcxproj", "{9EA052F2-F905-4608-AD7B-2F7C2A186173}"
EndProject
Project("{8BC9CEB8-8B4A-11D0-8D11-00A0C91BC942}") = "4-9", "4-9\4-9.vcxproj", "{242FA760-ADAC-494B-8584-F4804942AAE1}"
EndProject
Project("{8BC9CEB8-8B4A-11D0-8D11-00A0C91BC942}") = "4-10", "4-10\4-10.vcxproj", "{BE6D1CB6-632B-4041-B44B-F13C65CEEA15}"
EndProject
Project("{8BC9CEB8-8B4A-11D0-8D11-00A0C91BC942}") = "4-13", "4-13\4-13.vcxproj", "{704222CB-E733-4E89-90F3-71F280F963B8}"
EndProject
Project("{8BC9CEB8-8B4A-11D0-8D11-00A0C91BC942}") = "4-14", "4-14\4-14.vcxproj", "{4CAFACB6-C965-4251-893F-1C07D74EB3B0}"
EndProject
Project("{8BC9CEB8-8B4A-11D0-8D11-00A0C91BC942}") = "4-15", "4-15\4-15.vcxproj", "{8309EC4C-4A96-411D-9F1D-323A65A3352D}"
EndProject
Global
	GlobalSection(SolutionConfigurationPlatforms) = preSolution
		Debug|x64 = Debug|x64
		Debug|x86 = Debug|x86
		Release|x64 = Release|x64
		Release|x86 = Release|x86
	EndGlobalSection
	GlobalSection(ProjectConfigurationPlatforms) = postSolution
		{AFAAF985-F026-42E3-8840-71D31D7DCFF7}.Debug|x64.ActiveCfg = Debug|x64
		{AFAAF985-F026-42E3-8840-71D31D7DCFF7}.Debug|x64.Build.0 = Debug|x64
		{AFAAF985-F026-42E3-8840-71D31D7DCFF7}.Debug|x86.ActiveCfg = Debug|Win32
		{AFAAF985-F026-42E3-8840-71D31D7DCFF7}.Debug|x86.Build.0 = Debug|Win32
		{AFAAF985-F026-42E3-8840-71D31D7DCFF7}.Release|x64.ActiveCfg = Release|x64
		{AFAAF985-F026-42E3-8840-71D31D7DCFF7}.Release|x64.Build.0 = Release|x64
		{AFAAF985-F026-42E3-8840-71D31D7DCFF7}.Release|x86.ActiveCfg = Release|Win32
		{AFAAF985-F026-42E3-8840-71D31D7DCFF7}.Release|x86.Build.0 = Release|Win32
		{EDF968E0-1B08-41F3-A86E-98A312FAEFD8}.Debug|x64.ActiveCfg = Debug|x64
		{EDF968E0-1B08-41F3-A86E-98A312FAEFD8}.Debug|x64.Build.0 = Debug|x64
		{EDF968E0-1B08-41F3-A86E-98A312FAEFD8}.Debug|x86.ActiveCfg = Debug|Win32
		{EDF968E0-1B08-41F3-A86E-98A312FAEFD8}.Debug|x86.Build.0 = Debug|Win32
		{EDF968E0-1B08-41F3-A86E-98A312FAEFD8}.Release|x64.ActiveCfg = Release|x64
		{EDF968E0-1B08-41F3-A86E-98A312FAEFD8}.Release|x64.Build.0 = Release|x64
		{EDF968E0-1B08-41F3-A86E-98A312FAEFD8}.Release|x86.ActiveCfg = Release|Win32
		{EDF968E0-1B08-41F3-A86E-98A312FAEFD8}.Release|x86.Build.0 = Release|Win32
		{9EA052F2-F905-4608-AD7B-2F7C2A186173}.Debug|x64.ActiveCfg = Debug|x64
		{9EA052F2-F905-4608-AD7B-2F7C2A186173}.Debug|x64.Build.0 = Debug|x64
		{9EA052F2-F905-4608-AD7B-2F7C2A186173}.Debug|x86.ActiveCfg = Debug|Win32
		{9EA052F2-F905-4608-AD7B-2F7C2A186173}.Debug|x86.Build.0 = Debug|Win32
		{9EA052F2-F905-4608-AD7B-2F7C2A186173}.Release|x64.ActiveCfg = Release|x64
		{9EA052F2-F905-4608-AD7B-2F7C2A186173}.Release|x64.Build.0 = Release|x64
		{9EA052F2-F905-4608-AD7B-2F7C2A186173}.Release|x86.ActiveCfg = Release|Win32
		{9EA052F2-F905-4608-AD7B-2F7C2A186173}.Release|x86.Build.0 = Release|Win32
		{242FA760-ADAC-494B-8584-F4804942AAE1}.Debug|x64.ActiveCfg = Debug|x64
		{242FA760-ADAC-494B-8584-F4804942AAE1}.Debug|x64.Build.0 = Debug|x64
		{242FA760-ADAC-494B-8584-F4804942AAE1}.Debug|x86.ActiveCfg = Debug|Win32
		{242FA760-ADAC-494B-8584-F4804942AAE1}.Debug|x86.Build.0 = Debug|Win32
		{242FA760-ADAC-494B-8584-F4804942AAE1}.Release|x64.ActiveCfg = Release|x64
		{242FA760-ADAC-494B-8584-F4804942AAE1}.Release|x64.Build.0 = Release|x64
		{242FA760-ADAC-494B-8584-F4804942AAE1}.Release|x86.ActiveCfg = Release|Win32
		{242FA760-ADAC-494B-8584-F4804942AAE1}.Release|x86.Build.0 = Release|Win32
		{BE6D1CB6-632B-4041-B44B-F13C65CEEA15}.Debug|x64.ActiveCfg = Debug|x64
		{BE6D1CB6-632B-4041-B44B-F13C65CEEA15}.Debug|x64.Build.0 = Debug|x64
		{BE6D1CB6-632B-4041-B44B-F13C65CEEA15}.Debug|x86.ActiveCfg = Debug|Win32
		{BE6D1CB6-632B-4041-B44B-F13C65CEEA15}.Debug|x86.Build.0 = Debug|Win32
		{BE6D1CB6-632B-4041-B44B-F13C65CEEA15}.Release|x64.ActiveCfg = Release|x64
		{BE6D1CB6-632B-4041-B44B-F13C65CEEA15}.Release|x64.Build.0 = Release|x64
		{BE6D1CB6-632B-4041-B44B-F13C65CEEA15}.Release|x86.ActiveCfg = Release|Win32
		{BE6D1CB6-632B-4041-B44B-F13C65CEEA15}.Release|x86.Build.0 = Release|Win32
		{704222CB-E733-4E89-90F3-71F280F963B8}.Debug|x64.ActiveCfg = Debug|x64
		{704222CB-E733-4E89-90F3-71F280F963B8}.Debug|x64.Build.0 = Debug|x64
		{704222CB-E733-4E89-90F3-71F280F963B8}.Debug|x86.ActiveCfg = Debug|Win32
		{704222CB-E733-4E89-90F3-71F280F963B8}.Debug|x86.Build.0 = Debug|Win32
		{704222CB-E733-4E89-90F3-71F280F963B8}.Release|x64.ActiveCfg = Release|x64
		{704222CB-E733-4E89-90F3-71F280F963B8}.Release|x64.Build.0 = Release|x64
		{704222CB-E733-4E89-90F3-71F280F963B8}.Release|x86.ActiveCfg = Release|Win32
		{704222CB-E733-4E89-90F3-71F280F963B8}.Release|x86.Build.0 = Release|Win32
		{4CAFACB6-C965-4251-893F-1C07D74EB3B0}.Debug|x64.ActiveCfg = Debug|x64
		{4CAFACB6-C965-4251-893F-1C07D74EB3B0}.Debug|x64.Build.0 = Debug|x64
		{4CAFACB6-C965-4251-893F-1C07D74EB3B0}.Debug|x86.ActiveCfg = Debug|Win32
		{4CAFACB6-C965-4251-893F-1C07D74EB3B0}.Debug|x86.Build.0 = Debug|Win32
		{4CAFACB6-C965-4251-893F-1C07D74EB3B0}.Release|x64.ActiveCfg = Release|x64
		{4CAFACB6-C965-4251-893F-1C07D74EB3B0}.Release|x64.Build.0 = Release|x64
		{4CAFACB6-C965-4251-893F-1C07D74EB3B0}.Release|x86.ActiveCfg = Release|Win32
		{4CAFACB6-C965-4251-893F-1C07D74EB3B0}.Release|x86.Build.0 = Release|Win32
		{8309EC4C-4A96-411D-9F1D-323A65A3352D}.Debug|x64.ActiveCfg = Debug|x64
		{8309EC4C-4A96-411D-9F1D-323A65A3352D}.Debug|x64.Build.0 = Debug|x64
		{8309EC4C-4A96-411D-9F1D-323A65A3352D}.Debug|x86.ActiveCfg = Debug|Win32
		{8309EC4C-4A96-411D-9F1D-323A65A3352D}.Debug|x86.Build.0 = Debug|Win32
		{8309EC4C-4A96-411D-9F1D-323A65A3352D}.Release|x64.ActiveCfg = Release|x64
		{8309EC4C-4A96-411D-9F1D-323A65A3352D}.Release|x64.Build.0 = Release|x64
		{8309EC4C-4A96-411D-9F1D-323A65A3352D}.Release|x86.ActiveCfg = Release|Win32
		{8309EC4C-4A96-411D-9F1D-323A65A3352D}.Release|x86.Build.0 = Release|Win32
	EndGlobalSection
	GlobalSection(SolutionProperties) = preSolution
		HideSolutionNode = FALSE
	EndGlobalSection
	GlobalSection(ExtensibilityGlobals) = postSolution
		SolutionGuid = {E7063E16-83A6-481B-B9DE-3C3D0AC012A5}
	EndGlobalSection
EndGlobal
