
Microsoft Visual Studio Solution File, Format Version 12.00
# Visual Studio Version 17
VisualStudioVersion = 17.7.34024.191
MinimumVisualStudioVersion = 10.0.40219.1
Project("{8BC9CEB8-8B4A-11D0-8D11-00A0C91BC942}") = "3-1", "JustPractice\JustPractice.vcxproj", "{8FD1A254-747E-4B5B-AD92-368CDE9B6FF3}"
EndProject
Project("{8BC9CEB8-8B4A-11D0-8D11-00A0C91BC942}") = "3-2", "3-2\3-2.vcxproj", "{A3F60041-0878-4907-B1DF-EA8BC2DC4228}"
EndProject
Project("{8BC9CEB8-8B4A-11D0-8D11-00A0C91BC942}") = "3-3", "3-3\3-3.vcxproj", "{E91AA8C4-5751-4B8A-A184-AC9B6110630A}"
EndProject
Project("{8BC9CEB8-8B4A-11D0-8D11-00A0C91BC942}") = "3-5", "3-4\3-4.vcxproj", "{7CFDA293-15C3-4FDC-A052-6C7E3082C656}"
EndProject
Project("{8BC9CEB8-8B4A-11D0-8D11-00A0C91BC942}") = "3-6", "3-6\3-6.vcxproj", "{DDA575BF-CF8E-43EF-80E8-93D38C41CE89}"
EndProject
Project("{8BC9CEB8-8B4A-11D0-8D11-00A0C91BC942}") = "3-7", "3-7\3-7.vcxproj", "{5EB8A4B7-B8CA-49E9-B4C1-F50AF95CC0D4}"
EndProject
Project("{8BC9CEB8-8B4A-11D0-8D11-00A0C91BC942}") = "3-11", "3-11\3-11.vcxproj", "{D8411D72-1145-4420-AE8D-781271D1649F}"
EndProject
Project("{8BC9CEB8-8B4A-11D0-8D11-00A0C91BC942}") = "test3-3", "test3-3\test3-3.vcxproj", "{1DF7F96A-6994-41E6-88F1-5ED6C27A38A9}"
EndProject
Project("{8BC9CEB8-8B4A-11D0-8D11-00A0C91BC942}") = "test3-6", "test3-6\test3-6.vcxproj", "{286B4788-0DA1-48AE-96B5-103256E45781}"
EndProject
Project("{8BC9CEB8-8B4A-11D0-8D11-00A0C91BC942}") = "실습3-10", "실습3-10\실습3-10.vcxproj", "{7E50A42A-E3D2-4612-9E45-5A3AB8E894A1}"
EndProject
Project("{8BC9CEB8-8B4A-11D0-8D11-00A0C91BC942}") = "openchallenge4", "openchallenge4\openchallenge4.vcxproj", "{26E78AAF-F22B-4540-8D94-9F9D67609BAC}"
EndProject
Project("{8BC9CEB8-8B4A-11D0-8D11-00A0C91BC942}") = "p4-2", "p4-2\p4-2.vcxproj", "{F64BE1BF-6163-4AB6-8E01-A1262CBDE748}"
EndProject
Project("{8BC9CEB8-8B4A-11D0-8D11-00A0C91BC942}") = "p4-3", "p4-3\p4-3.vcxproj", "{28BAD521-5A7D-4D2A-BCD7-DD86F0CFA4CF}"
EndProject
Project("{8BC9CEB8-8B4A-11D0-8D11-00A0C91BC942}") = "p4-6", "p4-4\p4-4.vcxproj", "{CC2F305F-DDBB-453D-AF38-5926869CC989}"
EndProject
Project("{8BC9CEB8-8B4A-11D0-8D11-00A0C91BC942}") = "p4-9", "p4-9\p4-9.vcxproj", "{35FFCD33-AAA6-4231-B283-F1D798CE6A62}"
EndProject
Project("{8BC9CEB8-8B4A-11D0-8D11-00A0C91BC942}") = "hw연습장", "hw연습장\hw연습장.vcxproj", "{D61C1B27-F509-40B2-B779-D501109355EF}"
EndProject
Global
	GlobalSection(SolutionConfigurationPlatforms) = preSolution
		Debug|x64 = Debug|x64
		Debug|x86 = Debug|x86
		Release|x64 = Release|x64
		Release|x86 = Release|x86
	EndGlobalSection
	GlobalSection(ProjectConfigurationPlatforms) = postSolution
		{8FD1A254-747E-4B5B-AD92-368CDE9B6FF3}.Debug|x64.ActiveCfg = Debug|x64
		{8FD1A254-747E-4B5B-AD92-368CDE9B6FF3}.Debug|x64.Build.0 = Debug|x64
		{8FD1A254-747E-4B5B-AD92-368CDE9B6FF3}.Debug|x86.ActiveCfg = Debug|Win32
		{8FD1A254-747E-4B5B-AD92-368CDE9B6FF3}.Debug|x86.Build.0 = Debug|Win32
		{8FD1A254-747E-4B5B-AD92-368CDE9B6FF3}.Release|x64.ActiveCfg = Release|x64
		{8FD1A254-747E-4B5B-AD92-368CDE9B6FF3}.Release|x64.Build.0 = Release|x64
		{8FD1A254-747E-4B5B-AD92-368CDE9B6FF3}.Release|x86.ActiveCfg = Release|Win32
		{8FD1A254-747E-4B5B-AD92-368CDE9B6FF3}.Release|x86.Build.0 = Release|Win32
		{A3F60041-0878-4907-B1DF-EA8BC2DC4228}.Debug|x64.ActiveCfg = Debug|x64
		{A3F60041-0878-4907-B1DF-EA8BC2DC4228}.Debug|x64.Build.0 = Debug|x64
		{A3F60041-0878-4907-B1DF-EA8BC2DC4228}.Debug|x86.ActiveCfg = Debug|Win32
		{A3F60041-0878-4907-B1DF-EA8BC2DC4228}.Debug|x86.Build.0 = Debug|Win32
		{A3F60041-0878-4907-B1DF-EA8BC2DC4228}.Release|x64.ActiveCfg = Release|x64
		{A3F60041-0878-4907-B1DF-EA8BC2DC4228}.Release|x64.Build.0 = Release|x64
		{A3F60041-0878-4907-B1DF-EA8BC2DC4228}.Release|x86.ActiveCfg = Release|Win32
		{A3F60041-0878-4907-B1DF-EA8BC2DC4228}.Release|x86.Build.0 = Release|Win32
		{E91AA8C4-5751-4B8A-A184-AC9B6110630A}.Debug|x64.ActiveCfg = Debug|x64
		{E91AA8C4-5751-4B8A-A184-AC9B6110630A}.Debug|x64.Build.0 = Debug|x64
		{E91AA8C4-5751-4B8A-A184-AC9B6110630A}.Debug|x86.ActiveCfg = Debug|Win32
		{E91AA8C4-5751-4B8A-A184-AC9B6110630A}.Debug|x86.Build.0 = Debug|Win32
		{E91AA8C4-5751-4B8A-A184-AC9B6110630A}.Release|x64.ActiveCfg = Release|x64
		{E91AA8C4-5751-4B8A-A184-AC9B6110630A}.Release|x64.Build.0 = Release|x64
		{E91AA8C4-5751-4B8A-A184-AC9B6110630A}.Release|x86.ActiveCfg = Release|Win32
		{E91AA8C4-5751-4B8A-A184-AC9B6110630A}.Release|x86.Build.0 = Release|Win32
		{7CFDA293-15C3-4FDC-A052-6C7E3082C656}.Debug|x64.ActiveCfg = Debug|x64
		{7CFDA293-15C3-4FDC-A052-6C7E3082C656}.Debug|x64.Build.0 = Debug|x64
		{7CFDA293-15C3-4FDC-A052-6C7E3082C656}.Debug|x86.ActiveCfg = Debug|Win32
		{7CFDA293-15C3-4FDC-A052-6C7E3082C656}.Debug|x86.Build.0 = Debug|Win32
		{7CFDA293-15C3-4FDC-A052-6C7E3082C656}.Release|x64.ActiveCfg = Release|x64
		{7CFDA293-15C3-4FDC-A052-6C7E3082C656}.Release|x64.Build.0 = Release|x64
		{7CFDA293-15C3-4FDC-A052-6C7E3082C656}.Release|x86.ActiveCfg = Release|Win32
		{7CFDA293-15C3-4FDC-A052-6C7E3082C656}.Release|x86.Build.0 = Release|Win32
		{DDA575BF-CF8E-43EF-80E8-93D38C41CE89}.Debug|x64.ActiveCfg = Debug|x64
		{DDA575BF-CF8E-43EF-80E8-93D38C41CE89}.Debug|x64.Build.0 = Debug|x64
		{DDA575BF-CF8E-43EF-80E8-93D38C41CE89}.Debug|x86.ActiveCfg = Debug|Win32
		{DDA575BF-CF8E-43EF-80E8-93D38C41CE89}.Debug|x86.Build.0 = Debug|Win32
		{DDA575BF-CF8E-43EF-80E8-93D38C41CE89}.Release|x64.ActiveCfg = Release|x64
		{DDA575BF-CF8E-43EF-80E8-93D38C41CE89}.Release|x64.Build.0 = Release|x64
		{DDA575BF-CF8E-43EF-80E8-93D38C41CE89}.Release|x86.ActiveCfg = Release|Win32
		{DDA575BF-CF8E-43EF-80E8-93D38C41CE89}.Release|x86.Build.0 = Release|Win32
		{5EB8A4B7-B8CA-49E9-B4C1-F50AF95CC0D4}.Debug|x64.ActiveCfg = Debug|x64
		{5EB8A4B7-B8CA-49E9-B4C1-F50AF95CC0D4}.Debug|x64.Build.0 = Debug|x64
		{5EB8A4B7-B8CA-49E9-B4C1-F50AF95CC0D4}.Debug|x86.ActiveCfg = Debug|Win32
		{5EB8A4B7-B8CA-49E9-B4C1-F50AF95CC0D4}.Debug|x86.Build.0 = Debug|Win32
		{5EB8A4B7-B8CA-49E9-B4C1-F50AF95CC0D4}.Release|x64.ActiveCfg = Release|x64
		{5EB8A4B7-B8CA-49E9-B4C1-F50AF95CC0D4}.Release|x64.Build.0 = Release|x64
		{5EB8A4B7-B8CA-49E9-B4C1-F50AF95CC0D4}.Release|x86.ActiveCfg = Release|Win32
		{5EB8A4B7-B8CA-49E9-B4C1-F50AF95CC0D4}.Release|x86.Build.0 = Release|Win32
		{D8411D72-1145-4420-AE8D-781271D1649F}.Debug|x64.ActiveCfg = Debug|x64
		{D8411D72-1145-4420-AE8D-781271D1649F}.Debug|x64.Build.0 = Debug|x64
		{D8411D72-1145-4420-AE8D-781271D1649F}.Debug|x86.ActiveCfg = Debug|Win32
		{D8411D72-1145-4420-AE8D-781271D1649F}.Debug|x86.Build.0 = Debug|Win32
		{D8411D72-1145-4420-AE8D-781271D1649F}.Release|x64.ActiveCfg = Release|x64
		{D8411D72-1145-4420-AE8D-781271D1649F}.Release|x64.Build.0 = Release|x64
		{D8411D72-1145-4420-AE8D-781271D1649F}.Release|x86.ActiveCfg = Release|Win32
		{D8411D72-1145-4420-AE8D-781271D1649F}.Release|x86.Build.0 = Release|Win32
		{1DF7F96A-6994-41E6-88F1-5ED6C27A38A9}.Debug|x64.ActiveCfg = Debug|x64
		{1DF7F96A-6994-41E6-88F1-5ED6C27A38A9}.Debug|x64.Build.0 = Debug|x64
		{1DF7F96A-6994-41E6-88F1-5ED6C27A38A9}.Debug|x86.ActiveCfg = Debug|Win32
		{1DF7F96A-6994-41E6-88F1-5ED6C27A38A9}.Debug|x86.Build.0 = Debug|Win32
		{1DF7F96A-6994-41E6-88F1-5ED6C27A38A9}.Release|x64.ActiveCfg = Release|x64
		{1DF7F96A-6994-41E6-88F1-5ED6C27A38A9}.Release|x64.Build.0 = Release|x64
		{1DF7F96A-6994-41E6-88F1-5ED6C27A38A9}.Release|x86.ActiveCfg = Release|Win32
		{1DF7F96A-6994-41E6-88F1-5ED6C27A38A9}.Release|x86.Build.0 = Release|Win32
		{286B4788-0DA1-48AE-96B5-103256E45781}.Debug|x64.ActiveCfg = Debug|x64
		{286B4788-0DA1-48AE-96B5-103256E45781}.Debug|x64.Build.0 = Debug|x64
		{286B4788-0DA1-48AE-96B5-103256E45781}.Debug|x86.ActiveCfg = Debug|Win32
		{286B4788-0DA1-48AE-96B5-103256E45781}.Debug|x86.Build.0 = Debug|Win32
		{286B4788-0DA1-48AE-96B5-103256E45781}.Release|x64.ActiveCfg = Release|x64
		{286B4788-0DA1-48AE-96B5-103256E45781}.Release|x64.Build.0 = Release|x64
		{286B4788-0DA1-48AE-96B5-103256E45781}.Release|x86.ActiveCfg = Release|Win32
		{286B4788-0DA1-48AE-96B5-103256E45781}.Release|x86.Build.0 = Release|Win32
		{7E50A42A-E3D2-4612-9E45-5A3AB8E894A1}.Debug|x64.ActiveCfg = Debug|x64
		{7E50A42A-E3D2-4612-9E45-5A3AB8E894A1}.Debug|x64.Build.0 = Debug|x64
		{7E50A42A-E3D2-4612-9E45-5A3AB8E894A1}.Debug|x86.ActiveCfg = Debug|Win32
		{7E50A42A-E3D2-4612-9E45-5A3AB8E894A1}.Debug|x86.Build.0 = Debug|Win32
		{7E50A42A-E3D2-4612-9E45-5A3AB8E894A1}.Release|x64.ActiveCfg = Release|x64
		{7E50A42A-E3D2-4612-9E45-5A3AB8E894A1}.Release|x64.Build.0 = Release|x64
		{7E50A42A-E3D2-4612-9E45-5A3AB8E894A1}.Release|x86.ActiveCfg = Release|Win32
		{7E50A42A-E3D2-4612-9E45-5A3AB8E894A1}.Release|x86.Build.0 = Release|Win32
		{26E78AAF-F22B-4540-8D94-9F9D67609BAC}.Debug|x64.ActiveCfg = Debug|x64
		{26E78AAF-F22B-4540-8D94-9F9D67609BAC}.Debug|x64.Build.0 = Debug|x64
		{26E78AAF-F22B-4540-8D94-9F9D67609BAC}.Debug|x86.ActiveCfg = Debug|Win32
		{26E78AAF-F22B-4540-8D94-9F9D67609BAC}.Debug|x86.Build.0 = Debug|Win32
		{26E78AAF-F22B-4540-8D94-9F9D67609BAC}.Release|x64.ActiveCfg = Release|x64
		{26E78AAF-F22B-4540-8D94-9F9D67609BAC}.Release|x64.Build.0 = Release|x64
		{26E78AAF-F22B-4540-8D94-9F9D67609BAC}.Release|x86.ActiveCfg = Release|Win32
		{26E78AAF-F22B-4540-8D94-9F9D67609BAC}.Release|x86.Build.0 = Release|Win32
		{F64BE1BF-6163-4AB6-8E01-A1262CBDE748}.Debug|x64.ActiveCfg = Debug|x64
		{F64BE1BF-6163-4AB6-8E01-A1262CBDE748}.Debug|x64.Build.0 = Debug|x64
		{F64BE1BF-6163-4AB6-8E01-A1262CBDE748}.Debug|x86.ActiveCfg = Debug|Win32
		{F64BE1BF-6163-4AB6-8E01-A1262CBDE748}.Debug|x86.Build.0 = Debug|Win32
		{F64BE1BF-6163-4AB6-8E01-A1262CBDE748}.Release|x64.ActiveCfg = Release|x64
		{F64BE1BF-6163-4AB6-8E01-A1262CBDE748}.Release|x64.Build.0 = Release|x64
		{F64BE1BF-6163-4AB6-8E01-A1262CBDE748}.Release|x86.ActiveCfg = Release|Win32
		{F64BE1BF-6163-4AB6-8E01-A1262CBDE748}.Release|x86.Build.0 = Release|Win32
		{28BAD521-5A7D-4D2A-BCD7-DD86F0CFA4CF}.Debug|x64.ActiveCfg = Debug|x64
		{28BAD521-5A7D-4D2A-BCD7-DD86F0CFA4CF}.Debug|x64.Build.0 = Debug|x64
		{28BAD521-5A7D-4D2A-BCD7-DD86F0CFA4CF}.Debug|x86.ActiveCfg = Debug|Win32
		{28BAD521-5A7D-4D2A-BCD7-DD86F0CFA4CF}.Debug|x86.Build.0 = Debug|Win32
		{28BAD521-5A7D-4D2A-BCD7-DD86F0CFA4CF}.Release|x64.ActiveCfg = Release|x64
		{28BAD521-5A7D-4D2A-BCD7-DD86F0CFA4CF}.Release|x64.Build.0 = Release|x64
		{28BAD521-5A7D-4D2A-BCD7-DD86F0CFA4CF}.Release|x86.ActiveCfg = Release|Win32
		{28BAD521-5A7D-4D2A-BCD7-DD86F0CFA4CF}.Release|x86.Build.0 = Release|Win32
		{CC2F305F-DDBB-453D-AF38-5926869CC989}.Debug|x64.ActiveCfg = Debug|x64
		{CC2F305F-DDBB-453D-AF38-5926869CC989}.Debug|x64.Build.0 = Debug|x64
		{CC2F305F-DDBB-453D-AF38-5926869CC989}.Debug|x86.ActiveCfg = Debug|Win32
		{CC2F305F-DDBB-453D-AF38-5926869CC989}.Debug|x86.Build.0 = Debug|Win32
		{CC2F305F-DDBB-453D-AF38-5926869CC989}.Release|x64.ActiveCfg = Release|x64
		{CC2F305F-DDBB-453D-AF38-5926869CC989}.Release|x64.Build.0 = Release|x64
		{CC2F305F-DDBB-453D-AF38-5926869CC989}.Release|x86.ActiveCfg = Release|Win32
		{CC2F305F-DDBB-453D-AF38-5926869CC989}.Release|x86.Build.0 = Release|Win32
		{35FFCD33-AAA6-4231-B283-F1D798CE6A62}.Debug|x64.ActiveCfg = Debug|x64
		{35FFCD33-AAA6-4231-B283-F1D798CE6A62}.Debug|x64.Build.0 = Debug|x64
		{35FFCD33-AAA6-4231-B283-F1D798CE6A62}.Debug|x86.ActiveCfg = Debug|Win32
		{35FFCD33-AAA6-4231-B283-F1D798CE6A62}.Debug|x86.Build.0 = Debug|Win32
		{35FFCD33-AAA6-4231-B283-F1D798CE6A62}.Release|x64.ActiveCfg = Release|x64
		{35FFCD33-AAA6-4231-B283-F1D798CE6A62}.Release|x64.Build.0 = Release|x64
		{35FFCD33-AAA6-4231-B283-F1D798CE6A62}.Release|x86.ActiveCfg = Release|Win32
		{35FFCD33-AAA6-4231-B283-F1D798CE6A62}.Release|x86.Build.0 = Release|Win32
		{D61C1B27-F509-40B2-B779-D501109355EF}.Debug|x64.ActiveCfg = Debug|x64
		{D61C1B27-F509-40B2-B779-D501109355EF}.Debug|x64.Build.0 = Debug|x64
		{D61C1B27-F509-40B2-B779-D501109355EF}.Debug|x86.ActiveCfg = Debug|Win32
		{D61C1B27-F509-40B2-B779-D501109355EF}.Debug|x86.Build.0 = Debug|Win32
		{D61C1B27-F509-40B2-B779-D501109355EF}.Release|x64.ActiveCfg = Release|x64
		{D61C1B27-F509-40B2-B779-D501109355EF}.Release|x64.Build.0 = Release|x64
		{D61C1B27-F509-40B2-B779-D501109355EF}.Release|x86.ActiveCfg = Release|Win32
		{D61C1B27-F509-40B2-B779-D501109355EF}.Release|x86.Build.0 = Release|Win32
	EndGlobalSection
	GlobalSection(SolutionProperties) = preSolution
		HideSolutionNode = FALSE
	EndGlobalSection
	GlobalSection(ExtensibilityGlobals) = postSolution
		SolutionGuid = {A696C00D-0400-481F-A6AB-028E9CD5F1BF}
	EndGlobalSection
EndGlobal
