
Microsoft Visual Studio Solution File, Format Version 12.00
# Visual Studio Version 17
VisualStudioVersion = 17.7.34024.191
MinimumVisualStudioVersion = 10.0.40219.1
Project("{8BC9CEB8-8B4A-11D0-8D11-00A0C91BC942}") = "2-2", "2-2\2-2.vcxproj", "{3C4A1A32-2AF4-48EA-A07C-0A78541B97BD}"
EndProject
Project("{8BC9CEB8-8B4A-11D0-8D11-00A0C91BC942}") = "2-4", "2-4\2-4.vcxproj", "{2D99D5DF-6376-49D9-AE0D-553E16CF0F16}"
EndProject
Project("{8BC9CEB8-8B4A-11D0-8D11-00A0C91BC942}") = "2-5", "..\..\2-5\2-5.vcxproj", "{6F14A96A-459C-4B65-AF75-EFDC73FBCE13}"
EndProject
Project("{8BC9CEB8-8B4A-11D0-8D11-00A0C91BC942}") = "2-10", "2-10\2-10.vcxproj", "{B44407C4-E1F6-451E-AEEA-53F6655DA3BD}"
EndProject
Project("{8BC9CEB8-8B4A-11D0-8D11-00A0C91BC942}") = "3-1", "3-1\3-1.vcxproj", "{91AD1D3E-6478-40F1-86FB-383840E50371}"
EndProject
Project("{8BC9CEB8-8B4A-11D0-8D11-00A0C91BC942}") = "3-3", "3-3\3-3.vcxproj", "{6D5DC240-B3C2-4C99-9F79-BC73B4883281}"
EndProject
Project("{8BC9CEB8-8B4A-11D0-8D11-00A0C91BC942}") = "3-4", "3-4\3-4.vcxproj", "{9646FFCB-A2BF-4AE9-A284-1F21DD77F645}"
EndProject
Project("{8BC9CEB8-8B4A-11D0-8D11-00A0C91BC942}") = "3-5", "3-5\3-5.vcxproj", "{96CF29ED-CE0E-4264-8C3D-644AF934CF0B}"
EndProject
Project("{8BC9CEB8-8B4A-11D0-8D11-00A0C91BC942}") = "3-10", "3-10\3-10.vcxproj", "{420728B0-F0FC-4712-B518-9406DF4CA07F}"
EndProject
Global
	GlobalSection(SolutionConfigurationPlatforms) = preSolution
		Debug|x64 = Debug|x64
		Debug|x86 = Debug|x86
		Release|x64 = Release|x64
		Release|x86 = Release|x86
	EndGlobalSection
	GlobalSection(ProjectConfigurationPlatforms) = postSolution
		{3C4A1A32-2AF4-48EA-A07C-0A78541B97BD}.Debug|x64.ActiveCfg = Debug|x64
		{3C4A1A32-2AF4-48EA-A07C-0A78541B97BD}.Debug|x64.Build.0 = Debug|x64
		{3C4A1A32-2AF4-48EA-A07C-0A78541B97BD}.Debug|x86.ActiveCfg = Debug|Win32
		{3C4A1A32-2AF4-48EA-A07C-0A78541B97BD}.Debug|x86.Build.0 = Debug|Win32
		{3C4A1A32-2AF4-48EA-A07C-0A78541B97BD}.Release|x64.ActiveCfg = Release|x64
		{3C4A1A32-2AF4-48EA-A07C-0A78541B97BD}.Release|x64.Build.0 = Release|x64
		{3C4A1A32-2AF4-48EA-A07C-0A78541B97BD}.Release|x86.ActiveCfg = Release|Win32
		{3C4A1A32-2AF4-48EA-A07C-0A78541B97BD}.Release|x86.Build.0 = Release|Win32
		{2D99D5DF-6376-49D9-AE0D-553E16CF0F16}.Debug|x64.ActiveCfg = Debug|x64
		{2D99D5DF-6376-49D9-AE0D-553E16CF0F16}.Debug|x64.Build.0 = Debug|x64
		{2D99D5DF-6376-49D9-AE0D-553E16CF0F16}.Debug|x86.ActiveCfg = Debug|Win32
		{2D99D5DF-6376-49D9-AE0D-553E16CF0F16}.Debug|x86.Build.0 = Debug|Win32
		{2D99D5DF-6376-49D9-AE0D-553E16CF0F16}.Release|x64.ActiveCfg = Release|x64
		{2D99D5DF-6376-49D9-AE0D-553E16CF0F16}.Release|x64.Build.0 = Release|x64
		{2D99D5DF-6376-49D9-AE0D-553E16CF0F16}.Release|x86.ActiveCfg = Release|Win32
		{2D99D5DF-6376-49D9-AE0D-553E16CF0F16}.Release|x86.Build.0 = Release|Win32
		{6F14A96A-459C-4B65-AF75-EFDC73FBCE13}.Debug|x64.ActiveCfg = Debug|x64
		{6F14A96A-459C-4B65-AF75-EFDC73FBCE13}.Debug|x64.Build.0 = Debug|x64
		{6F14A96A-459C-4B65-AF75-EFDC73FBCE13}.Debug|x86.ActiveCfg = Debug|Win32
		{6F14A96A-459C-4B65-AF75-EFDC73FBCE13}.Debug|x86.Build.0 = Debug|Win32
		{6F14A96A-459C-4B65-AF75-EFDC73FBCE13}.Release|x64.ActiveCfg = Release|x64
		{6F14A96A-459C-4B65-AF75-EFDC73FBCE13}.Release|x64.Build.0 = Release|x64
		{6F14A96A-459C-4B65-AF75-EFDC73FBCE13}.Release|x86.ActiveCfg = Release|Win32
		{6F14A96A-459C-4B65-AF75-EFDC73FBCE13}.Release|x86.Build.0 = Release|Win32
		{B44407C4-E1F6-451E-AEEA-53F6655DA3BD}.Debug|x64.ActiveCfg = Debug|x64
		{B44407C4-E1F6-451E-AEEA-53F6655DA3BD}.Debug|x64.Build.0 = Debug|x64
		{B44407C4-E1F6-451E-AEEA-53F6655DA3BD}.Debug|x86.ActiveCfg = Debug|Win32
		{B44407C4-E1F6-451E-AEEA-53F6655DA3BD}.Debug|x86.Build.0 = Debug|Win32
		{B44407C4-E1F6-451E-AEEA-53F6655DA3BD}.Release|x64.ActiveCfg = Release|x64
		{B44407C4-E1F6-451E-AEEA-53F6655DA3BD}.Release|x64.Build.0 = Release|x64
		{B44407C4-E1F6-451E-AEEA-53F6655DA3BD}.Release|x86.ActiveCfg = Release|Win32
		{B44407C4-E1F6-451E-AEEA-53F6655DA3BD}.Release|x86.Build.0 = Release|Win32
		{91AD1D3E-6478-40F1-86FB-383840E50371}.Debug|x64.ActiveCfg = Debug|x64
		{91AD1D3E-6478-40F1-86FB-383840E50371}.Debug|x64.Build.0 = Debug|x64
		{91AD1D3E-6478-40F1-86FB-383840E50371}.Debug|x86.ActiveCfg = Debug|Win32
		{91AD1D3E-6478-40F1-86FB-383840E50371}.Debug|x86.Build.0 = Debug|Win32
		{91AD1D3E-6478-40F1-86FB-383840E50371}.Release|x64.ActiveCfg = Release|x64
		{91AD1D3E-6478-40F1-86FB-383840E50371}.Release|x64.Build.0 = Release|x64
		{91AD1D3E-6478-40F1-86FB-383840E50371}.Release|x86.ActiveCfg = Release|Win32
		{91AD1D3E-6478-40F1-86FB-383840E50371}.Release|x86.Build.0 = Release|Win32
		{6D5DC240-B3C2-4C99-9F79-BC73B4883281}.Debug|x64.ActiveCfg = Debug|x64
		{6D5DC240-B3C2-4C99-9F79-BC73B4883281}.Debug|x64.Build.0 = Debug|x64
		{6D5DC240-B3C2-4C99-9F79-BC73B4883281}.Debug|x86.ActiveCfg = Debug|Win32
		{6D5DC240-B3C2-4C99-9F79-BC73B4883281}.Debug|x86.Build.0 = Debug|Win32
		{6D5DC240-B3C2-4C99-9F79-BC73B4883281}.Release|x64.ActiveCfg = Release|x64
		{6D5DC240-B3C2-4C99-9F79-BC73B4883281}.Release|x64.Build.0 = Release|x64
		{6D5DC240-B3C2-4C99-9F79-BC73B4883281}.Release|x86.ActiveCfg = Release|Win32
		{6D5DC240-B3C2-4C99-9F79-BC73B4883281}.Release|x86.Build.0 = Release|Win32
		{9646FFCB-A2BF-4AE9-A284-1F21DD77F645}.Debug|x64.ActiveCfg = Debug|x64
		{9646FFCB-A2BF-4AE9-A284-1F21DD77F645}.Debug|x64.Build.0 = Debug|x64
		{9646FFCB-A2BF-4AE9-A284-1F21DD77F645}.Debug|x86.ActiveCfg = Debug|Win32
		{9646FFCB-A2BF-4AE9-A284-1F21DD77F645}.Debug|x86.Build.0 = Debug|Win32
		{9646FFCB-A2BF-4AE9-A284-1F21DD77F645}.Release|x64.ActiveCfg = Release|x64
		{9646FFCB-A2BF-4AE9-A284-1F21DD77F645}.Release|x64.Build.0 = Release|x64
		{9646FFCB-A2BF-4AE9-A284-1F21DD77F645}.Release|x86.ActiveCfg = Release|Win32
		{9646FFCB-A2BF-4AE9-A284-1F21DD77F645}.Release|x86.Build.0 = Release|Win32
		{96CF29ED-CE0E-4264-8C3D-644AF934CF0B}.Debug|x64.ActiveCfg = Debug|x64
		{96CF29ED-CE0E-4264-8C3D-644AF934CF0B}.Debug|x64.Build.0 = Debug|x64
		{96CF29ED-CE0E-4264-8C3D-644AF934CF0B}.Debug|x86.ActiveCfg = Debug|Win32
		{96CF29ED-CE0E-4264-8C3D-644AF934CF0B}.Debug|x86.Build.0 = Debug|Win32
		{96CF29ED-CE0E-4264-8C3D-644AF934CF0B}.Release|x64.ActiveCfg = Release|x64
		{96CF29ED-CE0E-4264-8C3D-644AF934CF0B}.Release|x64.Build.0 = Release|x64
		{96CF29ED-CE0E-4264-8C3D-644AF934CF0B}.Release|x86.ActiveCfg = Release|Win32
		{96CF29ED-CE0E-4264-8C3D-644AF934CF0B}.Release|x86.Build.0 = Release|Win32
		{420728B0-F0FC-4712-B518-9406DF4CA07F}.Debug|x64.ActiveCfg = Debug|x64
		{420728B0-F0FC-4712-B518-9406DF4CA07F}.Debug|x64.Build.0 = Debug|x64
		{420728B0-F0FC-4712-B518-9406DF4CA07F}.Debug|x86.ActiveCfg = Debug|Win32
		{420728B0-F0FC-4712-B518-9406DF4CA07F}.Debug|x86.Build.0 = Debug|Win32
		{420728B0-F0FC-4712-B518-9406DF4CA07F}.Release|x64.ActiveCfg = Release|x64
		{420728B0-F0FC-4712-B518-9406DF4CA07F}.Release|x64.Build.0 = Release|x64
		{420728B0-F0FC-4712-B518-9406DF4CA07F}.Release|x86.ActiveCfg = Release|Win32
		{420728B0-F0FC-4712-B518-9406DF4CA07F}.Release|x86.Build.0 = Release|Win32
	EndGlobalSection
	GlobalSection(SolutionProperties) = preSolution
		HideSolutionNode = FALSE
	EndGlobalSection
	GlobalSection(ExtensibilityGlobals) = postSolution
		SolutionGuid = {68097A6F-B5F9-4748-8DAF-4F08A8EBAEE5}
	EndGlobalSection
EndGlobal
